
Microsoft Visual Studio Solution File, Format Version 12.00
# Visual Studio 15
VisualStudioVersion = 15.0.28010.2003
MinimumVisualStudioVersion = 10.0.40219.1
Project("{FAE04EC0-301F-11D3-BF4B-00C04F79EFBC}") = "Space Game", "Space Game\Space Game.csproj", "{5AC2C759-5277-4A37-A23A-7BDA1A484E1C}"
EndProject
Global
	GlobalSection(SolutionConfigurationPlatforms) = preSolution
		Debug|Any CPU = Debug|Any CPU
		Release|Any CPU = Release|Any CPU
	EndGlobalSection
	GlobalSection(ProjectConfigurationPlatforms) = postSolution
		{5AC2C759-5277-4A37-A23A-7BDA1A484E1C}.Debug|Any CPU.ActiveCfg = Debug|Any CPU
		{5AC2C759-5277-4A37-A23A-7BDA1A484E1C}.Debug|Any CPU.Build.0 = Debug|Any CPU
		{5AC2C759-5277-4A37-A23A-7BDA1A484E1C}.Release|Any CPU.ActiveCfg = Release|Any CPU
		{5AC2C759-5277-4A37-A23A-7BDA1A484E1C}.Release|Any CPU.Build.0 = Release|Any CPU
	EndGlobalSection
	GlobalSection(SolutionProperties) = preSolution
		HideSolutionNode = FALSE
	EndGlobalSection
	GlobalSection(ExtensibilityGlobals) = postSolution
		SolutionGuid = {29C49719-0390-47CD-8414-6223FC358711}
	EndGlobalSection
EndGlobal
